
Microsoft Visual Studio Solution File, Format Version 12.00
# Visual Studio Version 16
VisualStudioVersion = 16.0.29102.190
MinimumVisualStudioVersion = 10.0.40219.1
Project("{FAE04EC0-301F-11D3-BF4B-00C04F79EFBC}") = "SamuraiApp.Domain", "SamuraiApp.Domain\SamuraiApp.Domain.csproj", "{8B8065F1-B551-49B4-BB2E-AE0BE940CA39}"
EndProject
Project("{FAE04EC0-301F-11D3-BF4B-00C04F79EFBC}") = "SamuraiApp.Data", "SamuraiApp.Data\SamuraiApp.Data.csproj", "{C6687AF6-EA04-4366-BC55-2A3A4B45D856}"
EndProject
Project("{FAE04EC0-301F-11D3-BF4B-00C04F79EFBC}") = "SomeUI", "SomeUI\SomeUI.csproj", "{7F417BA4-90FC-4334-96AA-27A5D5F7F7D5}"
EndProject
Global
	GlobalSection(SolutionConfigurationPlatforms) = preSolution
		Debug|Any CPU = Debug|Any CPU
		Release|Any CPU = Release|Any CPU
	EndGlobalSection
	GlobalSection(ProjectConfigurationPlatforms) = postSolution
		{8B8065F1-B551-49B4-BB2E-AE0BE940CA39}.Debug|Any CPU.ActiveCfg = Debug|Any CPU
		{8B8065F1-B551-49B4-BB2E-AE0BE940CA39}.Debug|Any CPU.Build.0 = Debug|Any CPU
		{8B8065F1-B551-49B4-BB2E-AE0BE940CA39}.Release|Any CPU.ActiveCfg = Release|Any CPU
		{8B8065F1-B551-49B4-BB2E-AE0BE940CA39}.Release|Any CPU.Build.0 = Release|Any CPU
		{C6687AF6-EA04-4366-BC55-2A3A4B45D856}.Debug|Any CPU.ActiveCfg = Debug|Any CPU
		{C6687AF6-EA04-4366-BC55-2A3A4B45D856}.Debug|Any CPU.Build.0 = Debug|Any CPU
		{C6687AF6-EA04-4366-BC55-2A3A4B45D856}.Release|Any CPU.ActiveCfg = Release|Any CPU
		{C6687AF6-EA04-4366-BC55-2A3A4B45D856}.Release|Any CPU.Build.0 = Release|Any CPU
		{7F417BA4-90FC-4334-96AA-27A5D5F7F7D5}.Debug|Any CPU.ActiveCfg = Debug|Any CPU
		{7F417BA4-90FC-4334-96AA-27A5D5F7F7D5}.Debug|Any CPU.Build.0 = Debug|Any CPU
		{7F417BA4-90FC-4334-96AA-27A5D5F7F7D5}.Release|Any CPU.ActiveCfg = Release|Any CPU
		{7F417BA4-90FC-4334-96AA-27A5D5F7F7D5}.Release|Any CPU.Build.0 = Release|Any CPU
	EndGlobalSection
	GlobalSection(SolutionProperties) = preSolution
		HideSolutionNode = FALSE
	EndGlobalSection
	GlobalSection(ExtensibilityGlobals) = postSolution
		SolutionGuid = {22ADCDB1-D282-46C4-AE66-4404B3187F40}
	EndGlobalSection
EndGlobal
